
Microsoft Visual Studio Solution File, Format Version 12.00
# Visual Studio 15
VisualStudioVersion = 15.0.27703.2000
MinimumVisualStudioVersion = 10.0.40219.1
Project("{2150E333-8FDC-42A3-9474-1A3956D46DE8}") = "Data", "Data", "{C00032A6-137F-40ED-AFA7-4513FD187E19}"
EndProject
Project("{2150E333-8FDC-42A3-9474-1A3956D46DE8}") = "Services", "Services", "{52753261-E4DF-47E1-ACEF-76501E11D5E6}"
EndProject
Project("{2150E333-8FDC-42A3-9474-1A3956D46DE8}") = "Client", "Client", "{83F57768-F049-4B47-A37D-595B6CB94B6A}"
EndProject
Project("{FAE04EC0-301F-11D3-BF4B-00C04F79EFBC}") = "AES.Data", "AES.Data\AES.Data.csproj", "{66D6017F-5840-4D23-8793-1CF1DBD26788}"
EndProject
Project("{2150E333-8FDC-42A3-9474-1A3956D46DE8}") = "Core", "Core", "{A3D24457-B310-4602-9B10-35680F46B13F}"
EndProject
Project("{2150E333-8FDC-42A3-9474-1A3956D46DE8}") = "Tests", "Tests", "{17BAA648-2D6B-4BF4-81F2-0DF2DD650D31}"
EndProject
Project("{FAE04EC0-301F-11D3-BF4B-00C04F79EFBC}") = "AES.Service.Tests", "AES.Service.Tests\AES.Service.Tests.csproj", "{0A64CC0D-4F1B-445F-82E2-0516084B483D}"
EndProject
Project("{FAE04EC0-301F-11D3-BF4B-00C04F79EFBC}") = "AES.Data.Tests", "AES.Data.Tests\AES.Data.Tests.csproj", "{1F12AF3B-622F-4B59-B8DF-54B62659EB10}"
EndProject
Project("{FAE04EC0-301F-11D3-BF4B-00C04F79EFBC}") = "AES.Domains", "AES.Domains\AES.Domains.csproj", "{2E5BA030-53CB-4030-AFAB-EE1DE5CF2C2F}"
EndProject
Project("{FAE04EC0-301F-11D3-BF4B-00C04F79EFBC}") = "AES.Service", "AES.Service\AES.Service.csproj", "{13882390-AB0B-4A6C-8873-C9FFF998F1F7}"
EndProject
Project("{9A19103F-16F7-4668-BE54-9A1E7A4F7556}") = "WalmartStore", "WalmartStore\WalmartStore.csproj", "{8999C7F3-6A86-422C-A02C-21FCF5749AEC}"
EndProject
Project("{2150E333-8FDC-42A3-9474-1A3956D46DE8}") = "Solution Items", "Solution Items", "{779725BD-2277-40BE-B7E5-A68EFBF03A9F}"
	ProjectSection(SolutionItems) = preProject
		.gitignore = .gitignore
		README.md = README.md
	EndProjectSection
EndProject
Global
	GlobalSection(SolutionConfigurationPlatforms) = preSolution
		Debug|Any CPU = Debug|Any CPU
		Release|Any CPU = Release|Any CPU
	EndGlobalSection
	GlobalSection(ProjectConfigurationPlatforms) = postSolution
		{66D6017F-5840-4D23-8793-1CF1DBD26788}.Debug|Any CPU.ActiveCfg = Debug|Any CPU
		{66D6017F-5840-4D23-8793-1CF1DBD26788}.Debug|Any CPU.Build.0 = Debug|Any CPU
		{66D6017F-5840-4D23-8793-1CF1DBD26788}.Release|Any CPU.ActiveCfg = Release|Any CPU
		{66D6017F-5840-4D23-8793-1CF1DBD26788}.Release|Any CPU.Build.0 = Release|Any CPU
		{0A64CC0D-4F1B-445F-82E2-0516084B483D}.Debug|Any CPU.ActiveCfg = Debug|Any CPU
		{0A64CC0D-4F1B-445F-82E2-0516084B483D}.Debug|Any CPU.Build.0 = Debug|Any CPU
		{0A64CC0D-4F1B-445F-82E2-0516084B483D}.Release|Any CPU.ActiveCfg = Release|Any CPU
		{0A64CC0D-4F1B-445F-82E2-0516084B483D}.Release|Any CPU.Build.0 = Release|Any CPU
		{1F12AF3B-622F-4B59-B8DF-54B62659EB10}.Debug|Any CPU.ActiveCfg = Debug|Any CPU
		{1F12AF3B-622F-4B59-B8DF-54B62659EB10}.Debug|Any CPU.Build.0 = Debug|Any CPU
		{1F12AF3B-622F-4B59-B8DF-54B62659EB10}.Release|Any CPU.ActiveCfg = Release|Any CPU
		{1F12AF3B-622F-4B59-B8DF-54B62659EB10}.Release|Any CPU.Build.0 = Release|Any CPU
		{2E5BA030-53CB-4030-AFAB-EE1DE5CF2C2F}.Debug|Any CPU.ActiveCfg = Debug|Any CPU
		{2E5BA030-53CB-4030-AFAB-EE1DE5CF2C2F}.Debug|Any CPU.Build.0 = Debug|Any CPU
		{2E5BA030-53CB-4030-AFAB-EE1DE5CF2C2F}.Release|Any CPU.ActiveCfg = Release|Any CPU
		{2E5BA030-53CB-4030-AFAB-EE1DE5CF2C2F}.Release|Any CPU.Build.0 = Release|Any CPU
		{13882390-AB0B-4A6C-8873-C9FFF998F1F7}.Debug|Any CPU.ActiveCfg = Debug|Any CPU
		{13882390-AB0B-4A6C-8873-C9FFF998F1F7}.Debug|Any CPU.Build.0 = Debug|Any CPU
		{13882390-AB0B-4A6C-8873-C9FFF998F1F7}.Release|Any CPU.ActiveCfg = Release|Any CPU
		{13882390-AB0B-4A6C-8873-C9FFF998F1F7}.Release|Any CPU.Build.0 = Release|Any CPU
		{8999C7F3-6A86-422C-A02C-21FCF5749AEC}.Debug|Any CPU.ActiveCfg = Debug|Any CPU
		{8999C7F3-6A86-422C-A02C-21FCF5749AEC}.Debug|Any CPU.Build.0 = Debug|Any CPU
		{8999C7F3-6A86-422C-A02C-21FCF5749AEC}.Release|Any CPU.ActiveCfg = Release|Any CPU
		{8999C7F3-6A86-422C-A02C-21FCF5749AEC}.Release|Any CPU.Build.0 = Release|Any CPU
	EndGlobalSection
	GlobalSection(SolutionProperties) = preSolution
		HideSolutionNode = FALSE
	EndGlobalSection
	GlobalSection(NestedProjects) = preSolution
		{66D6017F-5840-4D23-8793-1CF1DBD26788} = {C00032A6-137F-40ED-AFA7-4513FD187E19}
		{0A64CC0D-4F1B-445F-82E2-0516084B483D} = {17BAA648-2D6B-4BF4-81F2-0DF2DD650D31}
		{1F12AF3B-622F-4B59-B8DF-54B62659EB10} = {17BAA648-2D6B-4BF4-81F2-0DF2DD650D31}
		{2E5BA030-53CB-4030-AFAB-EE1DE5CF2C2F} = {A3D24457-B310-4602-9B10-35680F46B13F}
		{13882390-AB0B-4A6C-8873-C9FFF998F1F7} = {52753261-E4DF-47E1-ACEF-76501E11D5E6}
		{8999C7F3-6A86-422C-A02C-21FCF5749AEC} = {83F57768-F049-4B47-A37D-595B6CB94B6A}
	EndGlobalSection
	GlobalSection(ExtensibilityGlobals) = postSolution
		SolutionGuid = {DC5F208C-5046-4A70-A280-BB7316AD935F}
	EndGlobalSection
EndGlobal
